{
    "name": "@cognam/blended-aes-key-encryption",
    "version": "2.2.1-artifact",
    "lockfileVersion": 2,
    "requires": true,
    "packages": {
        "": {
            "name": "@cognam/blended-aes-key-encryption",
            "version": "2.2.1-artifact",
            "license": "MIT"
        }
    }
}
