{
    "name": "@react-native-deps/blended-aes-key-encryption",
    "version": "2.1.1",
    "lockfileVersion": 2,
    "requires": true,
    "packages": {
        "": {
            "name": "@react-native-deps/blended-aes-key-encryption",
            "version": "2.1.1",
            "license": "MIT"
        }
    }
}
